lockfileVersion: '6.0'

settings:
  autoInstallPeers: true
  excludeLinksFromLockfile: false

dependencies:
  command-exists:
    specifier: ^1.2.9
    version: 1.2.9

devDependencies:
  '@types/command-exists':
    specifier: ^1.2.3
    version: 1.2.3

packages:

  /@types/command-exists@1.2.3:
    resolution: {integrity: sha512-PpbaE2XWLaWYboXD6k70TcXO/OdOyyRFq5TVpmlUELNxdkkmXU9fkImNosmXU1DtsNrqdUgWd/nJQYXgwmtdXQ==}
    dev: true

  /command-exists@1.2.9:
    resolution: {integrity: sha512-LTQ/SGc+s0Xc0Fu5WaKnR0YiygZkm9eKFvyS+fRsU7/ZWFF8ykFM6Pc9aCVf1+xasOOZpO3BAVgVrKvsqKHV7w==}
    dev: false
